
Microsoft Visual Studio Solution File, Format Version 12.00
# Visual Studio Version 16
VisualStudioVersion = 16.0.30804.86
MinimumVisualStudioVersion = 10.0.40219.1
Project("{FAE04EC0-301F-11D3-BF4B-00C04F79EFBC}") = "BMI_040121", "BMI_040121\BMI_040121.csproj", "{789FCA7F-B0AB-4B26-BEE3-A612FD233FE3}"
EndProject
Global
	GlobalSection(SolutionConfigurationPlatforms) = preSolution
		Debug|Any CPU = Debug|Any CPU
		Release|Any CPU = Release|Any CPU
	EndGlobalSection
	GlobalSection(ProjectConfigurationPlatforms) = postSolution
		{789FCA7F-B0AB-4B26-BEE3-A612FD233FE3}.Debug|Any CPU.ActiveCfg = Debug|Any CPU
		{789FCA7F-B0AB-4B26-BEE3-A612FD233FE3}.Debug|Any CPU.Build.0 = Debug|Any CPU
		{789FCA7F-B0AB-4B26-BEE3-A612FD233FE3}.Release|Any CPU.ActiveCfg = Release|Any CPU
		{789FCA7F-B0AB-4B26-BEE3-A612FD233FE3}.Release|Any CPU.Build.0 = Release|Any CPU
	EndGlobalSection
	GlobalSection(SolutionProperties) = preSolution
		HideSolutionNode = FALSE
	EndGlobalSection
	GlobalSection(ExtensibilityGlobals) = postSolution
		SolutionGuid = {F1EA3435-6DEA-45CD-865E-D11F38BFD793}
	EndGlobalSection
EndGlobal
