
Microsoft Visual Studio Solution File, Format Version 12.00
# Visual Studio Version 16
VisualStudioVersion = 16.0.30804.86
MinimumVisualStudioVersion = 10.0.40219.1
Project("{FAE04EC0-301F-11D3-BF4B-00C04F79EFBC}") = "StudentClass", "StudentClass\StudentClass.csproj", "{AE3CE1D0-51C7-4BD4-B21C-579544F70584}"
EndProject
Global
	GlobalSection(SolutionConfigurationPlatforms) = preSolution
		Debug|Any CPU = Debug|Any CPU
		Release|Any CPU = Release|Any CPU
	EndGlobalSection
	GlobalSection(ProjectConfigurationPlatforms) = postSolution
		{AE3CE1D0-51C7-4BD4-B21C-579544F70584}.Debug|Any CPU.ActiveCfg = Debug|Any CPU
		{AE3CE1D0-51C7-4BD4-B21C-579544F70584}.Debug|Any CPU.Build.0 = Debug|Any CPU
		{AE3CE1D0-51C7-4BD4-B21C-579544F70584}.Release|Any CPU.ActiveCfg = Release|Any CPU
		{AE3CE1D0-51C7-4BD4-B21C-579544F70584}.Release|Any CPU.Build.0 = Release|Any CPU
	EndGlobalSection
	GlobalSection(SolutionProperties) = preSolution
		HideSolutionNode = FALSE
	EndGlobalSection
	GlobalSection(ExtensibilityGlobals) = postSolution
		SolutionGuid = {BC100ECB-38AB-4DE2-A1D5-AE13B8C63C3C}
	EndGlobalSection
EndGlobal
