
Microsoft Visual Studio Solution File, Format Version 12.00
# Visual Studio Version 16
VisualStudioVersion = 16.0.30804.86
MinimumVisualStudioVersion = 10.0.40219.1
Project("{FAE04EC0-301F-11D3-BF4B-00C04F79EFBC}") = "miniShop", "miniShop\miniShop.csproj", "{3F12BFD8-05A3-48A1-9B6A-412A00794A17}"
EndProject
Global
	GlobalSection(SolutionConfigurationPlatforms) = preSolution
		Debug|Any CPU = Debug|Any CPU
		Release|Any CPU = Release|Any CPU
	EndGlobalSection
	GlobalSection(ProjectConfigurationPlatforms) = postSolution
		{3F12BFD8-05A3-48A1-9B6A-412A00794A17}.Debug|Any CPU.ActiveCfg = Debug|Any CPU
		{3F12BFD8-05A3-48A1-9B6A-412A00794A17}.Debug|Any CPU.Build.0 = Debug|Any CPU
		{3F12BFD8-05A3-48A1-9B6A-412A00794A17}.Release|Any CPU.ActiveCfg = Release|Any CPU
		{3F12BFD8-05A3-48A1-9B6A-412A00794A17}.Release|Any CPU.Build.0 = Release|Any CPU
	EndGlobalSection
	GlobalSection(SolutionProperties) = preSolution
		HideSolutionNode = FALSE
	EndGlobalSection
	GlobalSection(ExtensibilityGlobals) = postSolution
		SolutionGuid = {815BE255-0D6E-460B-9888-AE36037BC7CD}
	EndGlobalSection
EndGlobal
